{
  "requires": true,
  "lockfileVersion": 1,
  "dependencies": {
    "fs": {
      "version": "0.0.1-security",
      "resolved": "https://registry.npmmirror.com/fs/-/fs-0.0.1-security.tgz",
      "integrity": "sha512-3XY9e1pP0CVEUCdj5BmfIZxRBTSDycnbqhIOGec9QYtmVH2fbLpj86CFWkrNOkt/Fvty4KZG5lTglL9j/gJ87w=="
    },
    "vm": {
      "version": "0.1.0",
      "resolved": "https://registry.npmmirror.com/vm/-/vm-0.1.0.tgz",
      "integrity": "sha512-1aKVjgohVDnVhGrJLhl2k8zIrapH+7HsdnIjGvBp3XX2OCj6XGzsIbDp9rZ3r7t6qgDfXEE1EoEAEOLJm9LKnw=="
    }
  }
}
